
Microsoft Visual Studio Solution File, Format Version 12.00
# Visual Studio 14
VisualStudioVersion = 14.0.25420.1
MinimumVisualStudioVersion = 10.0.40219.1
Project("{FAE04EC0-301F-11D3-BF4B-00C04F79EFBC}") = "hcc.Android", "hcc\hcc.Android\hcc.Android.csproj", "{EC5EE6CB-8DCB-4E29-B50D-EECF58EABBAC}"
EndProject
Project("{FAE04EC0-301F-11D3-BF4B-00C04F79EFBC}") = "hcc", "hcc\hcc\hcc.csproj", "{A2912236-F216-4D9F-9023-9BAB5EBAE72E}"
EndProject
Project("{FAE04EC0-301F-11D3-BF4B-00C04F79EFBC}") = "hcc.UWP", "hcc\hcc.UWP\hcc.UWP.csproj", "{13F3B773-376E-4239-8970-6F05556A876B}"
EndProject
Project("{FAE04EC0-301F-11D3-BF4B-00C04F79EFBC}") = "hcc.iOS", "hcc\hcc.iOS\hcc.iOS.csproj", "{37155B59-440C-4AE1-AAC1-4E47519287A5}"
EndProject
Global
	GlobalSection(SolutionConfigurationPlatforms) = preSolution
		Ad-Hoc|Any CPU = Ad-Hoc|Any CPU
		Ad-Hoc|ARM = Ad-Hoc|ARM
		Ad-Hoc|iPhone = Ad-Hoc|iPhone
		Ad-Hoc|iPhoneSimulator = Ad-Hoc|iPhoneSimulator
		Ad-Hoc|x64 = Ad-Hoc|x64
		Ad-Hoc|x86 = Ad-Hoc|x86
		AppStore|Any CPU = AppStore|Any CPU
		AppStore|ARM = AppStore|ARM
		AppStore|iPhone = AppStore|iPhone
		AppStore|iPhoneSimulator = AppStore|iPhoneSimulator
		AppStore|x64 = AppStore|x64
		AppStore|x86 = AppStore|x86
		Debug|Any CPU = Debug|Any CPU
		Debug|ARM = Debug|ARM
		Debug|iPhone = Debug|iPhone
		Debug|iPhoneSimulator = Debug|iPhoneSimulator
		Debug|x64 = Debug|x64
		Debug|x86 = Debug|x86
		Release|Any CPU = Release|Any CPU
		Release|ARM = Release|ARM
		Release|iPhone = Release|iPhone
		Release|iPhoneSimulator = Release|iPhoneSimulator
		Release|x64 = Release|x64
		Release|x86 = Release|x86
	EndGlobalSection
	GlobalSection(ProjectConfigurationPlatforms) = postSolution
		{EC5EE6CB-8DCB-4E29-B50D-EECF58EABBAC}.Ad-Hoc|Any CPU.ActiveCfg = Release|Any CPU
		{EC5EE6CB-8DCB-4E29-B50D-EECF58EABBAC}.Ad-Hoc|Any CPU.Build.0 = Release|Any CPU
		{EC5EE6CB-8DCB-4E29-B50D-EECF58EABBAC}.Ad-Hoc|Any CPU.Deploy.0 = Release|Any CPU
		{EC5EE6CB-8DCB-4E29-B50D-EECF58EABBAC}.Ad-Hoc|ARM.ActiveCfg = Release|Any CPU
		{EC5EE6CB-8DCB-4E29-B50D-EECF58EABBAC}.Ad-Hoc|ARM.Build.0 = Release|Any CPU
		{EC5EE6CB-8DCB-4E29-B50D-EECF58EABBAC}.Ad-Hoc|ARM.Deploy.0 = Release|Any CPU
		{EC5EE6CB-8DCB-4E29-B50D-EECF58EABBAC}.Ad-Hoc|iPhone.ActiveCfg = Release|Any CPU
		{EC5EE6CB-8DCB-4E29-B50D-EECF58EABBAC}.Ad-Hoc|iPhone.Build.0 = Release|Any CPU
		{EC5EE6CB-8DCB-4E29-B50D-EECF58EABBAC}.Ad-Hoc|iPhone.Deploy.0 = Release|Any CPU
		{EC5EE6CB-8DCB-4E29-B50D-EECF58EABBAC}.Ad-Hoc|iPhoneSimulator.ActiveCfg = Release|Any CPU
		{EC5EE6CB-8DCB-4E29-B50D-EECF58EABBAC}.Ad-Hoc|iPhoneSimulator.Build.0 = Release|Any CPU
		{EC5EE6CB-8DCB-4E29-B50D-EECF58EABBAC}.Ad-Hoc|iPhoneSimulator.Deploy.0 = Release|Any CPU
		{EC5EE6CB-8DCB-4E29-B50D-EECF58EABBAC}.Ad-Hoc|x64.ActiveCfg = Release|Any CPU
		{EC5EE6CB-8DCB-4E29-B50D-EECF58EABBAC}.Ad-Hoc|x64.Build.0 = Release|Any CPU
		{EC5EE6CB-8DCB-4E29-B50D-EECF58EABBAC}.Ad-Hoc|x64.Deploy.0 = Release|Any CPU
		{EC5EE6CB-8DCB-4E29-B50D-EECF58EABBAC}.Ad-Hoc|x86.ActiveCfg = Release|Any CPU
		{EC5EE6CB-8DCB-4E29-B50D-EECF58EABBAC}.Ad-Hoc|x86.Build.0 = Release|Any CPU
		{EC5EE6CB-8DCB-4E29-B50D-EECF58EABBAC}.Ad-Hoc|x86.Deploy.0 = Release|Any CPU
		{EC5EE6CB-8DCB-4E29-B50D-EECF58EABBAC}.AppStore|Any CPU.ActiveCfg = Release|Any CPU
		{EC5EE6CB-8DCB-4E29-B50D-EECF58EABBAC}.AppStore|Any CPU.Build.0 = Release|Any CPU
		{EC5EE6CB-8DCB-4E29-B50D-EECF58EABBAC}.AppStore|Any CPU.Deploy.0 = Release|Any CPU
		{EC5EE6CB-8DCB-4E29-B50D-EECF58EABBAC}.AppStore|ARM.ActiveCfg = Release|Any CPU
		{EC5EE6CB-8DCB-4E29-B50D-EECF58EABBAC}.AppStore|ARM.Build.0 = Release|Any CPU
		{EC5EE6CB-8DCB-4E29-B50D-EECF58EABBAC}.AppStore|ARM.Deploy.0 = Release|Any CPU
		{EC5EE6CB-8DCB-4E29-B50D-EECF58EABBAC}.AppStore|iPhone.ActiveCfg = Release|Any CPU
		{EC5EE6CB-8DCB-4E29-B50D-EECF58EABBAC}.AppStore|iPhone.Build.0 = Release|Any CPU
		{EC5EE6CB-8DCB-4E29-B50D-EECF58EABBAC}.AppStore|iPhone.Deploy.0 = Release|Any CPU
		{EC5EE6CB-8DCB-4E29-B50D-EECF58EABBAC}.AppStore|iPhoneSimulator.ActiveCfg = Release|Any CPU
		{EC5EE6CB-8DCB-4E29-B50D-EECF58EABBAC}.AppStore|iPhoneSimulator.Build.0 = Release|Any CPU
		{EC5EE6CB-8DCB-4E29-B50D-EECF58EABBAC}.AppStore|iPhoneSimulator.Deploy.0 = Release|Any CPU
		{EC5EE6CB-8DCB-4E29-B50D-EECF58EABBAC}.AppStore|x64.ActiveCfg = Release|Any CPU
		{EC5EE6CB-8DCB-4E29-B50D-EECF58EABBAC}.AppStore|x64.Build.0 = Release|Any CPU
		{EC5EE6CB-8DCB-4E29-B50D-EECF58EABBAC}.AppStore|x64.Deploy.0 = Release|Any CPU
		{EC5EE6CB-8DCB-4E29-B50D-EECF58EABBAC}.AppStore|x86.ActiveCfg = Release|Any CPU
		{EC5EE6CB-8DCB-4E29-B50D-EECF58EABBAC}.AppStore|x86.Build.0 = Release|Any CPU
		{EC5EE6CB-8DCB-4E29-B50D-EECF58EABBAC}.AppStore|x86.Deploy.0 = Release|Any CPU
		{EC5EE6CB-8DCB-4E29-B50D-EECF58EABBAC}.Debug|Any CPU.ActiveCfg = Debug|Any CPU
		{EC5EE6CB-8DCB-4E29-B50D-EECF58EABBAC}.Debug|Any CPU.Build.0 = Debug|Any CPU
		{EC5EE6CB-8DCB-4E29-B50D-EECF58EABBAC}.Debug|Any CPU.Deploy.0 = Debug|Any CPU
		{EC5EE6CB-8DCB-4E29-B50D-EECF58EABBAC}.Debug|ARM.ActiveCfg = Debug|Any CPU
		{EC5EE6CB-8DCB-4E29-B50D-EECF58EABBAC}.Debug|ARM.Build.0 = Debug|Any CPU
		{EC5EE6CB-8DCB-4E29-B50D-EECF58EABBAC}.Debug|ARM.Deploy.0 = Debug|Any CPU
		{EC5EE6CB-8DCB-4E29-B50D-EECF58EABBAC}.Debug|iPhone.ActiveCfg = Debug|Any CPU
		{EC5EE6CB-8DCB-4E29-B50D-EECF58EABBAC}.Debug|iPhone.Build.0 = Debug|Any CPU
		{EC5EE6CB-8DCB-4E29-B50D-EECF58EABBAC}.Debug|iPhone.Deploy.0 = Debug|Any CPU
		{EC5EE6CB-8DCB-4E29-B50D-EECF58EABBAC}.Debug|iPhoneSimulator.ActiveCfg = Debug|Any CPU
		{EC5EE6CB-8DCB-4E29-B50D-EECF58EABBAC}.Debug|iPhoneSimulator.Build.0 = Debug|Any CPU
		{EC5EE6CB-8DCB-4E29-B50D-EECF58EABBAC}.Debug|iPhoneSimulator.Deploy.0 = Debug|Any CPU
		{EC5EE6CB-8DCB-4E29-B50D-EECF58EABBAC}.Debug|x64.ActiveCfg = Debug|Any CPU
		{EC5EE6CB-8DCB-4E29-B50D-EECF58EABBAC}.Debug|x64.Build.0 = Debug|Any CPU
		{EC5EE6CB-8DCB-4E29-B50D-EECF58EABBAC}.Debug|x64.Deploy.0 = Debug|Any CPU
		{EC5EE6CB-8DCB-4E29-B50D-EECF58EABBAC}.Debug|x86.ActiveCfg = Debug|Any CPU
		{EC5EE6CB-8DCB-4E29-B50D-EECF58EABBAC}.Debug|x86.Build.0 = Debug|Any CPU
		{EC5EE6CB-8DCB-4E29-B50D-EECF58EABBAC}.Debug|x86.Deploy.0 = Debug|Any CPU
		{EC5EE6CB-8DCB-4E29-B50D-EECF58EABBAC}.Release|Any CPU.ActiveCfg = Release|Any CPU
		{EC5EE6CB-8DCB-4E29-B50D-EECF58EABBAC}.Release|Any CPU.Build.0 = Release|Any CPU
		{EC5EE6CB-8DCB-4E29-B50D-EECF58EABBAC}.Release|Any CPU.Deploy.0 = Release|Any CPU
		{EC5EE6CB-8DCB-4E29-B50D-EECF58EABBAC}.Release|ARM.ActiveCfg = Release|Any CPU
		{EC5EE6CB-8DCB-4E29-B50D-EECF58EABBAC}.Release|ARM.Build.0 = Release|Any CPU
		{EC5EE6CB-8DCB-4E29-B50D-EECF58EABBAC}.Release|ARM.Deploy.0 = Release|Any CPU
		{EC5EE6CB-8DCB-4E29-B50D-EECF58EABBAC}.Release|iPhone.ActiveCfg = Release|Any CPU
		{EC5EE6CB-8DCB-4E29-B50D-EECF58EABBAC}.Release|iPhone.Build.0 = Release|Any CPU
		{EC5EE6CB-8DCB-4E29-B50D-EECF58EABBAC}.Release|iPhone.Deploy.0 = Release|Any CPU
		{EC5EE6CB-8DCB-4E29-B50D-EECF58EABBAC}.Release|iPhoneSimulator.ActiveCfg = Release|Any CPU
		{EC5EE6CB-8DCB-4E29-B50D-EECF58EABBAC}.Release|iPhoneSimulator.Build.0 = Release|Any CPU
		{EC5EE6CB-8DCB-4E29-B50D-EECF58EABBAC}.Release|iPhoneSimulator.Deploy.0 = Release|Any CPU
		{EC5EE6CB-8DCB-4E29-B50D-EECF58EABBAC}.Release|x64.ActiveCfg = Release|Any CPU
		{EC5EE6CB-8DCB-4E29-B50D-EECF58EABBAC}.Release|x64.Build.0 = Release|Any CPU
		{EC5EE6CB-8DCB-4E29-B50D-EECF58EABBAC}.Release|x64.Deploy.0 = Release|Any CPU
		{EC5EE6CB-8DCB-4E29-B50D-EECF58EABBAC}.Release|x86.ActiveCfg = Release|Any CPU
		{EC5EE6CB-8DCB-4E29-B50D-EECF58EABBAC}.Release|x86.Build.0 = Release|Any CPU
		{EC5EE6CB-8DCB-4E29-B50D-EECF58EABBAC}.Release|x86.Deploy.0 = Release|Any CPU
		{A2912236-F216-4D9F-9023-9BAB5EBAE72E}.Ad-Hoc|Any CPU.ActiveCfg = Release|Any CPU
		{A2912236-F216-4D9F-9023-9BAB5EBAE72E}.Ad-Hoc|Any CPU.Build.0 = Release|Any CPU
		{A2912236-F216-4D9F-9023-9BAB5EBAE72E}.Ad-Hoc|ARM.ActiveCfg = Release|Any CPU
		{A2912236-F216-4D9F-9023-9BAB5EBAE72E}.Ad-Hoc|ARM.Build.0 = Release|Any CPU
		{A2912236-F216-4D9F-9023-9BAB5EBAE72E}.Ad-Hoc|iPhone.ActiveCfg = Release|Any CPU
		{A2912236-F216-4D9F-9023-9BAB5EBAE72E}.Ad-Hoc|iPhone.Build.0 = Release|Any CPU
		{A2912236-F216-4D9F-9023-9BAB5EBAE72E}.Ad-Hoc|iPhoneSimulator.ActiveCfg = Release|Any CPU
		{A2912236-F216-4D9F-9023-9BAB5EBAE72E}.Ad-Hoc|iPhoneSimulator.Build.0 = Release|Any CPU
		{A2912236-F216-4D9F-9023-9BAB5EBAE72E}.Ad-Hoc|x64.ActiveCfg = Release|Any CPU
		{A2912236-F216-4D9F-9023-9BAB5EBAE72E}.Ad-Hoc|x64.Build.0 = Release|Any CPU
		{A2912236-F216-4D9F-9023-9BAB5EBAE72E}.Ad-Hoc|x86.ActiveCfg = Release|Any CPU
		{A2912236-F216-4D9F-9023-9BAB5EBAE72E}.Ad-Hoc|x86.Build.0 = Release|Any CPU
		{A2912236-F216-4D9F-9023-9BAB5EBAE72E}.AppStore|Any CPU.ActiveCfg = Release|Any CPU
		{A2912236-F216-4D9F-9023-9BAB5EBAE72E}.AppStore|Any CPU.Build.0 = Release|Any CPU
		{A2912236-F216-4D9F-9023-9BAB5EBAE72E}.AppStore|ARM.ActiveCfg = Release|Any CPU
		{A2912236-F216-4D9F-9023-9BAB5EBAE72E}.AppStore|ARM.Build.0 = Release|Any CPU
		{A2912236-F216-4D9F-9023-9BAB5EBAE72E}.AppStore|iPhone.ActiveCfg = Release|Any CPU
		{A2912236-F216-4D9F-9023-9BAB5EBAE72E}.AppStore|iPhone.Build.0 = Release|Any CPU
		{A2912236-F216-4D9F-9023-9BAB5EBAE72E}.AppStore|iPhoneSimulator.ActiveCfg = Release|Any CPU
		{A2912236-F216-4D9F-9023-9BAB5EBAE72E}.AppStore|iPhoneSimulator.Build.0 = Release|Any CPU
		{A2912236-F216-4D9F-9023-9BAB5EBAE72E}.AppStore|x64.ActiveCfg = Release|Any CPU
		{A2912236-F216-4D9F-9023-9BAB5EBAE72E}.AppStore|x64.Build.0 = Release|Any CPU
		{A2912236-F216-4D9F-9023-9BAB5EBAE72E}.AppStore|x86.ActiveCfg = Release|Any CPU
		{A2912236-F216-4D9F-9023-9BAB5EBAE72E}.AppStore|x86.Build.0 = Release|Any CPU
		{A2912236-F216-4D9F-9023-9BAB5EBAE72E}.Debug|Any CPU.ActiveCfg = Debug|Any CPU
		{A2912236-F216-4D9F-9023-9BAB5EBAE72E}.Debug|Any CPU.Build.0 = Debug|Any CPU
		{A2912236-F216-4D9F-9023-9BAB5EBAE72E}.Debug|ARM.ActiveCfg = Debug|Any CPU
		{A2912236-F216-4D9F-9023-9BAB5EBAE72E}.Debug|ARM.Build.0 = Debug|Any CPU
		{A2912236-F216-4D9F-9023-9BAB5EBAE72E}.Debug|iPhone.ActiveCfg = Debug|Any CPU
		{A2912236-F216-4D9F-9023-9BAB5EBAE72E}.Debug|iPhone.Build.0 = Debug|Any CPU
		{A2912236-F216-4D9F-9023-9BAB5EBAE72E}.Debug|iPhoneSimulator.ActiveCfg = Debug|Any CPU
		{A2912236-F216-4D9F-9023-9BAB5EBAE72E}.Debug|iPhoneSimulator.Build.0 = Debug|Any CPU
		{A2912236-F216-4D9F-9023-9BAB5EBAE72E}.Debug|x64.ActiveCfg = Debug|Any CPU
		{A2912236-F216-4D9F-9023-9BAB5EBAE72E}.Debug|x64.Build.0 = Debug|Any CPU
		{A2912236-F216-4D9F-9023-9BAB5EBAE72E}.Debug|x86.ActiveCfg = Debug|Any CPU
		{A2912236-F216-4D9F-9023-9BAB5EBAE72E}.Debug|x86.Build.0 = Debug|Any CPU
		{A2912236-F216-4D9F-9023-9BAB5EBAE72E}.Release|Any CPU.ActiveCfg = Release|Any CPU
		{A2912236-F216-4D9F-9023-9BAB5EBAE72E}.Release|Any CPU.Build.0 = Release|Any CPU
		{A2912236-F216-4D9F-9023-9BAB5EBAE72E}.Release|ARM.ActiveCfg = Release|Any CPU
		{A2912236-F216-4D9F-9023-9BAB5EBAE72E}.Release|ARM.Build.0 = Release|Any CPU
		{A2912236-F216-4D9F-9023-9BAB5EBAE72E}.Release|iPhone.ActiveCfg = Release|Any CPU
		{A2912236-F216-4D9F-9023-9BAB5EBAE72E}.Release|iPhone.Build.0 = Release|Any CPU
		{A2912236-F216-4D9F-9023-9BAB5EBAE72E}.Release|iPhoneSimulator.ActiveCfg = Release|Any CPU
		{A2912236-F216-4D9F-9023-9BAB5EBAE72E}.Release|iPhoneSimulator.Build.0 = Release|Any CPU
		{A2912236-F216-4D9F-9023-9BAB5EBAE72E}.Release|x64.ActiveCfg = Release|Any CPU
		{A2912236-F216-4D9F-9023-9BAB5EBAE72E}.Release|x64.Build.0 = Release|Any CPU
		{A2912236-F216-4D9F-9023-9BAB5EBAE72E}.Release|x86.ActiveCfg = Release|Any CPU
		{A2912236-F216-4D9F-9023-9BAB5EBAE72E}.Release|x86.Build.0 = Release|Any CPU
		{13F3B773-376E-4239-8970-6F05556A876B}.Ad-Hoc|Any CPU.ActiveCfg = Release|x86
		{13F3B773-376E-4239-8970-6F05556A876B}.Ad-Hoc|Any CPU.Build.0 = Release|x86
		{13F3B773-376E-4239-8970-6F05556A876B}.Ad-Hoc|Any CPU.Deploy.0 = Release|x86
		{13F3B773-376E-4239-8970-6F05556A876B}.Ad-Hoc|ARM.ActiveCfg = Release|ARM
		{13F3B773-376E-4239-8970-6F05556A876B}.Ad-Hoc|ARM.Build.0 = Release|ARM
		{13F3B773-376E-4239-8970-6F05556A876B}.Ad-Hoc|ARM.Deploy.0 = Release|ARM
		{13F3B773-376E-4239-8970-6F05556A876B}.Ad-Hoc|iPhone.ActiveCfg = Release|x86
		{13F3B773-376E-4239-8970-6F05556A876B}.Ad-Hoc|iPhone.Build.0 = Release|x86
		{13F3B773-376E-4239-8970-6F05556A876B}.Ad-Hoc|iPhone.Deploy.0 = Release|x86
		{13F3B773-376E-4239-8970-6F05556A876B}.Ad-Hoc|iPhoneSimulator.ActiveCfg = Release|x86
		{13F3B773-376E-4239-8970-6F05556A876B}.Ad-Hoc|iPhoneSimulator.Build.0 = Release|x86
		{13F3B773-376E-4239-8970-6F05556A876B}.Ad-Hoc|iPhoneSimulator.Deploy.0 = Release|x86
		{13F3B773-376E-4239-8970-6F05556A876B}.Ad-Hoc|x64.ActiveCfg = Release|x64
		{13F3B773-376E-4239-8970-6F05556A876B}.Ad-Hoc|x64.Build.0 = Release|x64
		{13F3B773-376E-4239-8970-6F05556A876B}.Ad-Hoc|x64.Deploy.0 = Release|x64
		{13F3B773-376E-4239-8970-6F05556A876B}.Ad-Hoc|x86.ActiveCfg = Release|x86
		{13F3B773-376E-4239-8970-6F05556A876B}.Ad-Hoc|x86.Build.0 = Release|x86
		{13F3B773-376E-4239-8970-6F05556A876B}.Ad-Hoc|x86.Deploy.0 = Release|x86
		{13F3B773-376E-4239-8970-6F05556A876B}.AppStore|Any CPU.ActiveCfg = Release|x86
		{13F3B773-376E-4239-8970-6F05556A876B}.AppStore|Any CPU.Build.0 = Release|x86
		{13F3B773-376E-4239-8970-6F05556A876B}.AppStore|Any CPU.Deploy.0 = Release|x86
		{13F3B773-376E-4239-8970-6F05556A876B}.AppStore|ARM.ActiveCfg = Release|ARM
		{13F3B773-376E-4239-8970-6F05556A876B}.AppStore|ARM.Build.0 = Release|ARM
		{13F3B773-376E-4239-8970-6F05556A876B}.AppStore|ARM.Deploy.0 = Release|ARM
		{13F3B773-376E-4239-8970-6F05556A876B}.AppStore|iPhone.ActiveCfg = Release|x86
		{13F3B773-376E-4239-8970-6F05556A876B}.AppStore|iPhone.Build.0 = Release|x86
		{13F3B773-376E-4239-8970-6F05556A876B}.AppStore|iPhone.Deploy.0 = Release|x86
		{13F3B773-376E-4239-8970-6F05556A876B}.AppStore|iPhoneSimulator.ActiveCfg = Release|x86
		{13F3B773-376E-4239-8970-6F05556A876B}.AppStore|iPhoneSimulator.Build.0 = Release|x86
		{13F3B773-376E-4239-8970-6F05556A876B}.AppStore|iPhoneSimulator.Deploy.0 = Release|x86
		{13F3B773-376E-4239-8970-6F05556A876B}.AppStore|x64.ActiveCfg = Release|x64
		{13F3B773-376E-4239-8970-6F05556A876B}.AppStore|x64.Build.0 = Release|x64
		{13F3B773-376E-4239-8970-6F05556A876B}.AppStore|x64.Deploy.0 = Release|x64
		{13F3B773-376E-4239-8970-6F05556A876B}.AppStore|x86.ActiveCfg = Release|x86
		{13F3B773-376E-4239-8970-6F05556A876B}.AppStore|x86.Build.0 = Release|x86
		{13F3B773-376E-4239-8970-6F05556A876B}.AppStore|x86.Deploy.0 = Release|x86
		{13F3B773-376E-4239-8970-6F05556A876B}.Debug|Any CPU.ActiveCfg = Debug|x86
		{13F3B773-376E-4239-8970-6F05556A876B}.Debug|Any CPU.Build.0 = Debug|x86
		{13F3B773-376E-4239-8970-6F05556A876B}.Debug|Any CPU.Deploy.0 = Debug|x86
		{13F3B773-376E-4239-8970-6F05556A876B}.Debug|ARM.ActiveCfg = Debug|ARM
		{13F3B773-376E-4239-8970-6F05556A876B}.Debug|ARM.Build.0 = Debug|ARM
		{13F3B773-376E-4239-8970-6F05556A876B}.Debug|ARM.Deploy.0 = Debug|ARM
		{13F3B773-376E-4239-8970-6F05556A876B}.Debug|iPhone.ActiveCfg = Debug|x86
		{13F3B773-376E-4239-8970-6F05556A876B}.Debug|iPhoneSimulator.ActiveCfg = Debug|x86
		{13F3B773-376E-4239-8970-6F05556A876B}.Debug|iPhoneSimulator.Build.0 = Debug|x86
		{13F3B773-376E-4239-8970-6F05556A876B}.Debug|iPhoneSimulator.Deploy.0 = Debug|x86
		{13F3B773-376E-4239-8970-6F05556A876B}.Debug|x64.ActiveCfg = Debug|x64
		{13F3B773-376E-4239-8970-6F05556A876B}.Debug|x64.Build.0 = Debug|x64
		{13F3B773-376E-4239-8970-6F05556A876B}.Debug|x64.Deploy.0 = Debug|x64
		{13F3B773-376E-4239-8970-6F05556A876B}.Debug|x86.ActiveCfg = Debug|x86
		{13F3B773-376E-4239-8970-6F05556A876B}.Debug|x86.Build.0 = Debug|x86
		{13F3B773-376E-4239-8970-6F05556A876B}.Debug|x86.Deploy.0 = Debug|x86
		{13F3B773-376E-4239-8970-6F05556A876B}.Release|Any CPU.ActiveCfg = Release|x86
		{13F3B773-376E-4239-8970-6F05556A876B}.Release|ARM.ActiveCfg = Release|ARM
		{13F3B773-376E-4239-8970-6F05556A876B}.Release|ARM.Build.0 = Release|ARM
		{13F3B773-376E-4239-8970-6F05556A876B}.Release|ARM.Deploy.0 = Release|ARM
		{13F3B773-376E-4239-8970-6F05556A876B}.Release|iPhone.ActiveCfg = Release|x86
		{13F3B773-376E-4239-8970-6F05556A876B}.Release|iPhoneSimulator.ActiveCfg = Release|x86
		{13F3B773-376E-4239-8970-6F05556A876B}.Release|x64.ActiveCfg = Release|x64
		{13F3B773-376E-4239-8970-6F05556A876B}.Release|x64.Build.0 = Release|x64
		{13F3B773-376E-4239-8970-6F05556A876B}.Release|x64.Deploy.0 = Release|x64
		{13F3B773-376E-4239-8970-6F05556A876B}.Release|x86.ActiveCfg = Release|x86
		{13F3B773-376E-4239-8970-6F05556A876B}.Release|x86.Build.0 = Release|x86
		{13F3B773-376E-4239-8970-6F05556A876B}.Release|x86.Deploy.0 = Release|x86
		{37155B59-440C-4AE1-AAC1-4E47519287A5}.Ad-Hoc|Any CPU.ActiveCfg = Ad-Hoc|iPhone
		{37155B59-440C-4AE1-AAC1-4E47519287A5}.Ad-Hoc|ARM.ActiveCfg = Ad-Hoc|iPhone
		{37155B59-440C-4AE1-AAC1-4E47519287A5}.Ad-Hoc|iPhone.ActiveCfg = Ad-Hoc|iPhone
		{37155B59-440C-4AE1-AAC1-4E47519287A5}.Ad-Hoc|iPhone.Build.0 = Ad-Hoc|iPhone
		{37155B59-440C-4AE1-AAC1-4E47519287A5}.Ad-Hoc|iPhoneSimulator.ActiveCfg = Ad-Hoc|iPhoneSimulator
		{37155B59-440C-4AE1-AAC1-4E47519287A5}.Ad-Hoc|iPhoneSimulator.Build.0 = Ad-Hoc|iPhoneSimulator
		{37155B59-440C-4AE1-AAC1-4E47519287A5}.Ad-Hoc|x64.ActiveCfg = Ad-Hoc|iPhone
		{37155B59-440C-4AE1-AAC1-4E47519287A5}.Ad-Hoc|x86.ActiveCfg = Ad-Hoc|iPhone
		{37155B59-440C-4AE1-AAC1-4E47519287A5}.AppStore|Any CPU.ActiveCfg = AppStore|iPhone
		{37155B59-440C-4AE1-AAC1-4E47519287A5}.AppStore|ARM.ActiveCfg = AppStore|iPhone
		{37155B59-440C-4AE1-AAC1-4E47519287A5}.AppStore|iPhone.ActiveCfg = AppStore|iPhone
		{37155B59-440C-4AE1-AAC1-4E47519287A5}.AppStore|iPhone.Build.0 = AppStore|iPhone
		{37155B59-440C-4AE1-AAC1-4E47519287A5}.AppStore|iPhoneSimulator.ActiveCfg = AppStore|iPhoneSimulator
		{37155B59-440C-4AE1-AAC1-4E47519287A5}.AppStore|iPhoneSimulator.Build.0 = AppStore|iPhoneSimulator
		{37155B59-440C-4AE1-AAC1-4E47519287A5}.AppStore|x64.ActiveCfg = AppStore|iPhone
		{37155B59-440C-4AE1-AAC1-4E47519287A5}.AppStore|x86.ActiveCfg = AppStore|iPhone
		{37155B59-440C-4AE1-AAC1-4E47519287A5}.Debug|Any CPU.ActiveCfg = Debug|iPhone
		{37155B59-440C-4AE1-AAC1-4E47519287A5}.Debug|Any CPU.Build.0 = Debug|iPhone
		{37155B59-440C-4AE1-AAC1-4E47519287A5}.Debug|ARM.ActiveCfg = Debug|iPhone
		{37155B59-440C-4AE1-AAC1-4E47519287A5}.Debug|iPhone.ActiveCfg = Debug|iPhone
		{37155B59-440C-4AE1-AAC1-4E47519287A5}.Debug|iPhone.Build.0 = Debug|iPhone
		{37155B59-440C-4AE1-AAC1-4E47519287A5}.Debug|iPhoneSimulator.ActiveCfg = Debug|iPhoneSimulator
		{37155B59-440C-4AE1-AAC1-4E47519287A5}.Debug|iPhoneSimulator.Build.0 = Debug|iPhoneSimulator
		{37155B59-440C-4AE1-AAC1-4E47519287A5}.Debug|x64.ActiveCfg = Debug|iPhone
		{37155B59-440C-4AE1-AAC1-4E47519287A5}.Debug|x86.ActiveCfg = Debug|iPhone
		{37155B59-440C-4AE1-AAC1-4E47519287A5}.Release|Any CPU.ActiveCfg = Release|iPhone
		{37155B59-440C-4AE1-AAC1-4E47519287A5}.Release|ARM.ActiveCfg = Release|iPhone
		{37155B59-440C-4AE1-AAC1-4E47519287A5}.Release|iPhone.ActiveCfg = Release|iPhone
		{37155B59-440C-4AE1-AAC1-4E47519287A5}.Release|iPhone.Build.0 = Release|iPhone
		{37155B59-440C-4AE1-AAC1-4E47519287A5}.Release|iPhoneSimulator.ActiveCfg = Release|iPhoneSimulator
		{37155B59-440C-4AE1-AAC1-4E47519287A5}.Release|iPhoneSimulator.Build.0 = Release|iPhoneSimulator
		{37155B59-440C-4AE1-AAC1-4E47519287A5}.Release|x64.ActiveCfg = Release|iPhone
		{37155B59-440C-4AE1-AAC1-4E47519287A5}.Release|x86.ActiveCfg = Release|iPhone
	EndGlobalSection
	GlobalSection(SolutionProperties) = preSolution
		HideSolutionNode = FALSE
	EndGlobalSection
EndGlobal
